<?xml version="1.0" encoding="utf-8"?>
<Project ToolsVersion="4.0" xmlns="http://schemas.microsoft.com/developer/msbuild/2003">
  <ItemGroup>
    <Filter Include="src">
      <UniqueIdentifier>{21944219-f730-4884-ad45-d39b6cb23a80}</UniqueIdentifier>
    </Filter>
  </ItemGroup>
  <ItemGroup>
    <ClCompile Include="src\Animation.cpp">
      <Filter>src</Filter>
    </ClCompile>
    <ClCompile Include="src\Canvas.cpp">
      <Filter>src</Filter>
    </ClCompile>
    <ClCompile Include="src\Engine.cpp">
      <Filter>src</Filter>
    </ClCompile>
    <ClCompile Include="src\Entity.cpp">
      <Filter>src</Filter>
    </ClCompile>
    <ClCompile Include="src\Event.cpp">
      <Filter>src</Filter>
    </ClCompile>
    <ClCompile Include="src\Karapo.cpp">
      <Filter>src</Filter>
    </ClCompile>
    <ClCompile Include="src\Phase.cpp">
      <Filter>src</Filter>
    </ClCompile>
    <ClCompile Include="src\Program.cpp">
      <Filter>src</Filter>
    </ClCompile>
    <ClCompile Include="src\stdafx.cpp">
      <Filter>src</Filter>
    </ClCompile>
    <ClCompile Include="src\util.cpp">
      <Filter>src</Filter>
    </ClCompile>
    <ClCompile Include="src\kapi.cpp">
      <Filter>src</Filter>
    </ClCompile>
  </ItemGroup>
  <ItemGroup>
    <ClInclude Include="src\Animation.hpp">
      <Filter>src</Filter>
    </ClInclude>
    <ClInclude Include="src\Canvas.hpp">
      <Filter>src</Filter>
    </ClInclude>
    <ClInclude Include="src\Engine.hpp">
      <Filter>src</Filter>
    </ClInclude>
    <ClInclude Include="src\Event.hpp">
      <Filter>src</Filter>
    </ClInclude>
    <ClInclude Include="src\Phase.hpp">
      <Filter>src</Filter>
    </ClInclude>
    <ClInclude Include="src\stdafx.h">
      <Filter>src</Filter>
    </ClInclude>
    <ClInclude Include="src\Util.hpp">
      <Filter>src</Filter>
    </ClInclude>
    <ClInclude Include="src\Entity.hpp">
      <Filter>src</Filter>
    </ClInclude>
    <ClInclude Include="src\kapi.hpp">
      <Filter>src</Filter>
    </ClInclude>
  </ItemGroup>
  <ItemGroup>
    <None Include="config.ini" />
  </ItemGroup>
</Project>